
Microsoft Visual Studio Solution File, Format Version 12.00
# Visual Studio Version 17
VisualStudioVersion = 17.8.34511.84
MinimumVisualStudioVersion = 10.0.40219.1
Project("{FAE04EC0-301F-11D3-BF4B-00C04F79EFBC}") = "Forms", "Forms\Forms.csproj", "{581AF716-5042-4EEC-A799-408AF0A24803}"
EndProject
Global
	GlobalSection(SolutionConfigurationPlatforms) = preSolution
		Debug|Any CPU = Debug|Any CPU
		Release|Any CPU = Release|Any CPU
	EndGlobalSection
	GlobalSection(ProjectConfigurationPlatforms) = postSolution
		{581AF716-5042-4EEC-A799-408AF0A24803}.Debug|Any CPU.ActiveCfg = Debug|Any CPU
		{581AF716-5042-4EEC-A799-408AF0A24803}.Debug|Any CPU.Build.0 = Debug|Any CPU
		{581AF716-5042-4EEC-A799-408AF0A24803}.Release|Any CPU.ActiveCfg = Release|Any CPU
		{581AF716-5042-4EEC-A799-408AF0A24803}.Release|Any CPU.Build.0 = Release|Any CPU
	EndGlobalSection
	GlobalSection(SolutionProperties) = preSolution
		HideSolutionNode = FALSE
	EndGlobalSection
	GlobalSection(ExtensibilityGlobals) = postSolution
		SolutionGuid = {0ECF4C97-793B-4223-97E2-F77C31E706E5}
	EndGlobalSection
EndGlobal
